{
  "name": "erpn-mcp-erpnext-readonly",
  "version": "0.1.0",
  "lockfileVersion": 3,
  "requires": true,
  "packages": {
    "": {
      "name": "erpn-mcp-erpnext-readonly",
      "version": "0.1.0",
      "dependencies": {
        "@casys/mcp-erpnext": "3.0.4"
      },
      "engines": {
        "node": ">=20"
      }
    },
    "node_modules/@casys/mcp-erpnext": {
      "version": "3.0.4",
      "resolved": "https://registry.npmjs.org/@casys/mcp-erpnext/-/mcp-erpnext-3.0.4.tgz",
      "integrity": "sha512-SLjbWbHsWAo94p0y5i3nFwWxRPIlVToIiINgkd+hHrMYEk6FmLLotZyfzRYKJX/wPHDAMIm2gQzApq9eee1KvQ==",
      "license": "MIT",
      "bin": {
        "mcp-erpnext": "mcp-erpnext.mjs"
      },
      "engines": {
        "node": ">=20.0.0"
      }
    }
  }
}
